{
  "name": "three-viewer-demo",
  "version": "1.0.0",
  "lockfileVersion": 3,
  "requires": true,
  "packages": {
    "": {
      "name": "three-viewer-demo",
      "version": "1.0.0",
      "dependencies": {
        "miniprogram-three-viewer": "file:../package"
      }
    },
    "../package": {
      "name": "miniprogram-three-viewer",
      "version": "0.2.0",
      "license": "MIT"
    },
    "node_modules/miniprogram-three-viewer": {
      "resolved": "../package",
      "link": true
    }
  }
}
